
Microsoft Visual Studio Solution File, Format Version 12.00
# Visual Studio Version 16
VisualStudioVersion = 16.0.28803.352
MinimumVisualStudioVersion = 10.0.40219.1
Project("{FAE04EC0-301F-11D3-BF4B-00C04F79EFBC}") = "RainbowsForBlood.TabletopTools", "RainbowsForBlood.TabletopTools\RainbowsForBlood.TabletopTools.csproj", "{83A6BF6D-626A-437D-B32B-836E33137859}"
EndProject
Project("{FAE04EC0-301F-11D3-BF4B-00C04F79EFBC}") = "RainbowsForBlood.TabletopTools.Test", "RainbowsForBlood.TabletopTools.Test\RainbowsForBlood.TabletopTools.Test.csproj", "{3054A222-B142-4989-A308-6C7E5FD05A90}"
EndProject
Project("{FAE04EC0-301F-11D3-BF4B-00C04F79EFBC}") = "RainbowsForBlood.TabletopTools.Cli", "RainbowsForBlood.TabletopTools.Cli\RainbowsForBlood.TabletopTools.Cli.csproj", "{B6ACDAD1-EDB3-47BC-B200-9FB8AEC12751}"
EndProject
Global
	GlobalSection(SolutionConfigurationPlatforms) = preSolution
		Debug|Any CPU = Debug|Any CPU
		Release|Any CPU = Release|Any CPU
	EndGlobalSection
	GlobalSection(ProjectConfigurationPlatforms) = postSolution
		{83A6BF6D-626A-437D-B32B-836E33137859}.Debug|Any CPU.ActiveCfg = Debug|Any CPU
		{83A6BF6D-626A-437D-B32B-836E33137859}.Debug|Any CPU.Build.0 = Debug|Any CPU
		{83A6BF6D-626A-437D-B32B-836E33137859}.Release|Any CPU.ActiveCfg = Release|Any CPU
		{83A6BF6D-626A-437D-B32B-836E33137859}.Release|Any CPU.Build.0 = Release|Any CPU
		{3054A222-B142-4989-A308-6C7E5FD05A90}.Debug|Any CPU.ActiveCfg = Debug|Any CPU
		{3054A222-B142-4989-A308-6C7E5FD05A90}.Debug|Any CPU.Build.0 = Debug|Any CPU
		{3054A222-B142-4989-A308-6C7E5FD05A90}.Release|Any CPU.ActiveCfg = Release|Any CPU
		{3054A222-B142-4989-A308-6C7E5FD05A90}.Release|Any CPU.Build.0 = Release|Any CPU
		{B6ACDAD1-EDB3-47BC-B200-9FB8AEC12751}.Debug|Any CPU.ActiveCfg = Debug|Any CPU
		{B6ACDAD1-EDB3-47BC-B200-9FB8AEC12751}.Debug|Any CPU.Build.0 = Debug|Any CPU
		{B6ACDAD1-EDB3-47BC-B200-9FB8AEC12751}.Release|Any CPU.ActiveCfg = Release|Any CPU
		{B6ACDAD1-EDB3-47BC-B200-9FB8AEC12751}.Release|Any CPU.Build.0 = Release|Any CPU
	EndGlobalSection
	GlobalSection(SolutionProperties) = preSolution
		HideSolutionNode = FALSE
	EndGlobalSection
	GlobalSection(ExtensibilityGlobals) = postSolution
		SolutionGuid = {D67B72C0-5537-4695-B495-D13DA766659B}
	EndGlobalSection
EndGlobal
